
Microsoft Visual Studio Solution File, Format Version 12.00
# Visual Studio Version 16
VisualStudioVersion = 16.0.810.0
MinimumVisualStudioVersion = 10.0.40219.1
Project("{FAE04EC0-301F-11D3-BF4B-00C04F79EFBC}") = "Weather", "Weather\Weather.csproj", "{A8F4F731-B5FC-4961-8D53-4086EF2C1C42}"
EndProject
Global
	GlobalSection(SolutionConfigurationPlatforms) = preSolution
		Debug|Any CPU = Debug|Any CPU
		Release|Any CPU = Release|Any CPU
	EndGlobalSection
	GlobalSection(ProjectConfigurationPlatforms) = postSolution
		{A8F4F731-B5FC-4961-8D53-4086EF2C1C42}.Debug|Any CPU.ActiveCfg = Debug|Any CPU
		{A8F4F731-B5FC-4961-8D53-4086EF2C1C42}.Debug|Any CPU.Build.0 = Debug|Any CPU
		{A8F4F731-B5FC-4961-8D53-4086EF2C1C42}.Release|Any CPU.ActiveCfg = Release|Any CPU
		{A8F4F731-B5FC-4961-8D53-4086EF2C1C42}.Release|Any CPU.Build.0 = Release|Any CPU
	EndGlobalSection
	GlobalSection(SolutionProperties) = preSolution
		HideSolutionNode = FALSE
	EndGlobalSection
	GlobalSection(ExtensibilityGlobals) = postSolution
		SolutionGuid = {870FE7C2-B224-4340-9447-151FE44F747D}
	EndGlobalSection
EndGlobal
